
Microsoft Visual Studio Solution File, Format Version 12.00
# Visual Studio Version 17
VisualStudioVersion = 17.2.32210.308
MinimumVisualStudioVersion = 10.0.40219.1
Project("{2150E333-8FDC-42A3-9474-1A3956D46DE8}") = "src", "src", "{F74DDCA3-1EE5-42E4-82EF-AC4470031259}"
EndProject
Project("{2150E333-8FDC-42A3-9474-1A3956D46DE8}") = "tests", "tests", "{D773AB12-DAAE-4898-838A-3B41794FFC13}"
EndProject
Project("{9A19103F-16F7-4668-BE54-9A1E7A4F7556}") = "CleanArchitecture.DDD.Application", "CleanArchitecture.DDD.Application\CleanArchitecture.DDD.Application.csproj", "{EE279706-A9C7-4DE7-9E77-91D76D3428C8}"
EndProject
Project("{9A19103F-16F7-4668-BE54-9A1E7A4F7556}") = "CleanArchitecture.DDD.Domain", "CleanArchitecture.DDD.Domain\CleanArchitecture.DDD.Domain.csproj", "{6B2DD673-7729-47CA-8AA0-B5B927E288DC}"
EndProject
Project("{9A19103F-16F7-4668-BE54-9A1E7A4F7556}") = "CleanArchitecture.DDD.Infrastructure", "CleanArchitecture.DDD.Infrastructure\CleanArchitecture.DDD.Infrastructure.csproj", "{51EF939F-C13C-4DEA-9E93-F6DE14FE7408}"
EndProject
Project("{2150E333-8FDC-42A3-9474-1A3956D46DE8}") = "Solution Items", "Solution Items", "{265D2339-4FFA-4604-A76A-025AA64A23DA}"
	ProjectSection(SolutionItems) = preProject
		.editorconfig = .editorconfig
		Directory.Build.props = Directory.Build.props
		README.md = README.md
		SEQQueries.md = SEQQueries.md
	EndProjectSection
EndProject
Project("{9A19103F-16F7-4668-BE54-9A1E7A4F7556}") = "CleanArchitecture.DDD.API", "CleanArchitecture.DDD.API\CleanArchitecture.DDD.API.csproj", "{A600724A-4ACD-4904-A175-37A229844FFE}"
EndProject
Project("{9A19103F-16F7-4668-BE54-9A1E7A4F7556}") = "CleanArchitecture.DDD.Core", "CleanArchitecture.DDD.Core\CleanArchitecture.DDD.Core.csproj", "{F5D6E63B-71EC-41FF-B012-26AB4F297F48}"
EndProject
Project("{9A19103F-16F7-4668-BE54-9A1E7A4F7556}") = "Application.IntegrationTests", "Application.IntegrationTests\Application.IntegrationTests.csproj", "{BDE58992-3B70-4D13-AE1D-5E3001FF38C1}"
EndProject
Project("{9A19103F-16F7-4668-BE54-9A1E7A4F7556}") = "Application.UnitTests", "Application.UnitTests\Application.UnitTests.csproj", "{99BA7CA4-36C2-4DE1-87A3-52C4AFCC0A6C}"
EndProject
Project("{9A19103F-16F7-4668-BE54-9A1E7A4F7556}") = "Domain.UnitTests", "Domain.UnitTests\Domain.UnitTests.csproj", "{A58C46A4-41F0-42E6-865C-A4E47D33D3BC}"
EndProject
Project("{9A19103F-16F7-4668-BE54-9A1E7A4F7556}") = "Core.UnitTests", "Core.UnitTests\Core.UnitTests.csproj", "{D488E487-4774-44EA-A1AC-ECAD27D651AC}"
EndProject
Project("{9A19103F-16F7-4668-BE54-9A1E7A4F7556}") = "CodeIntegrityTests", "CodeIntegrityTests\CodeIntegrityTests.csproj", "{2D2A1F13-624A-47A2-B653-6D002798B25D}"
EndProject
Global
	GlobalSection(SolutionConfigurationPlatforms) = preSolution
		Debug|Any CPU = Debug|Any CPU
		Release|Any CPU = Release|Any CPU
	EndGlobalSection
	GlobalSection(ProjectConfigurationPlatforms) = postSolution
		{EE279706-A9C7-4DE7-9E77-91D76D3428C8}.Debug|Any CPU.ActiveCfg = Debug|Any CPU
		{EE279706-A9C7-4DE7-9E77-91D76D3428C8}.Debug|Any CPU.Build.0 = Debug|Any CPU
		{EE279706-A9C7-4DE7-9E77-91D76D3428C8}.Release|Any CPU.ActiveCfg = Release|Any CPU
		{EE279706-A9C7-4DE7-9E77-91D76D3428C8}.Release|Any CPU.Build.0 = Release|Any CPU
		{6B2DD673-7729-47CA-8AA0-B5B927E288DC}.Debug|Any CPU.ActiveCfg = Debug|Any CPU
		{6B2DD673-7729-47CA-8AA0-B5B927E288DC}.Debug|Any CPU.Build.0 = Debug|Any CPU
		{6B2DD673-7729-47CA-8AA0-B5B927E288DC}.Release|Any CPU.ActiveCfg = Release|Any CPU
		{6B2DD673-7729-47CA-8AA0-B5B927E288DC}.Release|Any CPU.Build.0 = Release|Any CPU
		{51EF939F-C13C-4DEA-9E93-F6DE14FE7408}.Debug|Any CPU.ActiveCfg = Debug|Any CPU
		{51EF939F-C13C-4DEA-9E93-F6DE14FE7408}.Debug|Any CPU.Build.0 = Debug|Any CPU
		{51EF939F-C13C-4DEA-9E93-F6DE14FE7408}.Release|Any CPU.ActiveCfg = Release|Any CPU
		{51EF939F-C13C-4DEA-9E93-F6DE14FE7408}.Release|Any CPU.Build.0 = Release|Any CPU
		{A600724A-4ACD-4904-A175-37A229844FFE}.Debug|Any CPU.ActiveCfg = Debug|Any CPU
		{A600724A-4ACD-4904-A175-37A229844FFE}.Debug|Any CPU.Build.0 = Debug|Any CPU
		{A600724A-4ACD-4904-A175-37A229844FFE}.Release|Any CPU.ActiveCfg = Release|Any CPU
		{A600724A-4ACD-4904-A175-37A229844FFE}.Release|Any CPU.Build.0 = Release|Any CPU
		{F5D6E63B-71EC-41FF-B012-26AB4F297F48}.Debug|Any CPU.ActiveCfg = Debug|Any CPU
		{F5D6E63B-71EC-41FF-B012-26AB4F297F48}.Debug|Any CPU.Build.0 = Debug|Any CPU
		{F5D6E63B-71EC-41FF-B012-26AB4F297F48}.Release|Any CPU.ActiveCfg = Release|Any CPU
		{F5D6E63B-71EC-41FF-B012-26AB4F297F48}.Release|Any CPU.Build.0 = Release|Any CPU
		{BDE58992-3B70-4D13-AE1D-5E3001FF38C1}.Debug|Any CPU.ActiveCfg = Debug|Any CPU
		{BDE58992-3B70-4D13-AE1D-5E3001FF38C1}.Debug|Any CPU.Build.0 = Debug|Any CPU
		{BDE58992-3B70-4D13-AE1D-5E3001FF38C1}.Release|Any CPU.ActiveCfg = Release|Any CPU
		{BDE58992-3B70-4D13-AE1D-5E3001FF38C1}.Release|Any CPU.Build.0 = Release|Any CPU
		{99BA7CA4-36C2-4DE1-87A3-52C4AFCC0A6C}.Debug|Any CPU.ActiveCfg = Debug|Any CPU
		{99BA7CA4-36C2-4DE1-87A3-52C4AFCC0A6C}.Debug|Any CPU.Build.0 = Debug|Any CPU
		{99BA7CA4-36C2-4DE1-87A3-52C4AFCC0A6C}.Release|Any CPU.ActiveCfg = Release|Any CPU
		{99BA7CA4-36C2-4DE1-87A3-52C4AFCC0A6C}.Release|Any CPU.Build.0 = Release|Any CPU
		{A58C46A4-41F0-42E6-865C-A4E47D33D3BC}.Debug|Any CPU.ActiveCfg = Debug|Any CPU
		{A58C46A4-41F0-42E6-865C-A4E47D33D3BC}.Debug|Any CPU.Build.0 = Debug|Any CPU
		{A58C46A4-41F0-42E6-865C-A4E47D33D3BC}.Release|Any CPU.ActiveCfg = Release|Any CPU
		{A58C46A4-41F0-42E6-865C-A4E47D33D3BC}.Release|Any CPU.Build.0 = Release|Any CPU
		{D488E487-4774-44EA-A1AC-ECAD27D651AC}.Debug|Any CPU.ActiveCfg = Debug|Any CPU
		{D488E487-4774-44EA-A1AC-ECAD27D651AC}.Debug|Any CPU.Build.0 = Debug|Any CPU
		{D488E487-4774-44EA-A1AC-ECAD27D651AC}.Release|Any CPU.ActiveCfg = Release|Any CPU
		{D488E487-4774-44EA-A1AC-ECAD27D651AC}.Release|Any CPU.Build.0 = Release|Any CPU
		{2D2A1F13-624A-47A2-B653-6D002798B25D}.Debug|Any CPU.ActiveCfg = Debug|Any CPU
		{2D2A1F13-624A-47A2-B653-6D002798B25D}.Debug|Any CPU.Build.0 = Debug|Any CPU
		{2D2A1F13-624A-47A2-B653-6D002798B25D}.Release|Any CPU.ActiveCfg = Release|Any CPU
		{2D2A1F13-624A-47A2-B653-6D002798B25D}.Release|Any CPU.Build.0 = Release|Any CPU
	EndGlobalSection
	GlobalSection(SolutionProperties) = preSolution
		HideSolutionNode = FALSE
	EndGlobalSection
	GlobalSection(NestedProjects) = preSolution
		{EE279706-A9C7-4DE7-9E77-91D76D3428C8} = {F74DDCA3-1EE5-42E4-82EF-AC4470031259}
		{6B2DD673-7729-47CA-8AA0-B5B927E288DC} = {F74DDCA3-1EE5-42E4-82EF-AC4470031259}
		{51EF939F-C13C-4DEA-9E93-F6DE14FE7408} = {F74DDCA3-1EE5-42E4-82EF-AC4470031259}
		{A600724A-4ACD-4904-A175-37A229844FFE} = {F74DDCA3-1EE5-42E4-82EF-AC4470031259}
		{F5D6E63B-71EC-41FF-B012-26AB4F297F48} = {F74DDCA3-1EE5-42E4-82EF-AC4470031259}
		{BDE58992-3B70-4D13-AE1D-5E3001FF38C1} = {D773AB12-DAAE-4898-838A-3B41794FFC13}
		{99BA7CA4-36C2-4DE1-87A3-52C4AFCC0A6C} = {D773AB12-DAAE-4898-838A-3B41794FFC13}
		{A58C46A4-41F0-42E6-865C-A4E47D33D3BC} = {D773AB12-DAAE-4898-838A-3B41794FFC13}
		{D488E487-4774-44EA-A1AC-ECAD27D651AC} = {D773AB12-DAAE-4898-838A-3B41794FFC13}
		{2D2A1F13-624A-47A2-B653-6D002798B25D} = {D773AB12-DAAE-4898-838A-3B41794FFC13}
	EndGlobalSection
	GlobalSection(ExtensibilityGlobals) = postSolution
		SolutionGuid = {0AD1C472-4D3B-446D-A2D8-DFAC2FD8A4C6}
	EndGlobalSection
EndGlobal
